
Microsoft Visual Studio Solution File, Format Version 12.00
# Visual Studio Version 17
VisualStudioVersion = 17.6.33801.468
MinimumVisualStudioVersion = 10.0.40219.1
Project("{FAE04EC0-301F-11D3-BF4B-00C04F79EFBC}") = "EventHandlerLeakAnalyzer", "EventHandlerLeakAnalyzer\EventHandlerLeakAnalyzer.csproj", "{C4376EBC-ABB6-4CDF-BE8C-18BCEDD22D5C}"
EndProject
Project("{FAE04EC0-301F-11D3-BF4B-00C04F79EFBC}") = "EventHandlerLeakAnalyzer.CodeFixes", "EventHandlerLeakAnalyzer.CodeFixes\EventHandlerLeakAnalyzer.CodeFixes.csproj", "{EA7CC805-B2FD-4C9A-9E12-094EBE53A64C}"
EndProject
Project("{FAE04EC0-301F-11D3-BF4B-00C04F79EFBC}") = "EventHandlerLeakAnalyzer.Package", "EventHandlerLeakAnalyzer.Package\EventHandlerLeakAnalyzer.Package.csproj", "{6613816F-0A2E-477E-ABEA-A97AD69CB14F}"
EndProject
Project("{FAE04EC0-301F-11D3-BF4B-00C04F79EFBC}") = "EventHandlerLeakAnalyzer.Test", "EventHandlerLeakAnalyzer.Test\EventHandlerLeakAnalyzer.Test.csproj", "{D2DA6A77-5615-43AC-A1C2-4C975FF7FECA}"
EndProject
Project("{FAE04EC0-301F-11D3-BF4B-00C04F79EFBC}") = "EventHandlerLeakAnalyzer.Vsix", "EventHandlerLeakAnalyzer.Vsix\EventHandlerLeakAnalyzer.Vsix.csproj", "{E812A8BE-EB19-4338-847F-7297F4D7CF4D}"
EndProject
Global
	GlobalSection(SolutionConfigurationPlatforms) = preSolution
		Debug|Any CPU = Debug|Any CPU
		Release|Any CPU = Release|Any CPU
	EndGlobalSection
	GlobalSection(ProjectConfigurationPlatforms) = postSolution
		{C4376EBC-ABB6-4CDF-BE8C-18BCEDD22D5C}.Debug|Any CPU.ActiveCfg = Debug|Any CPU
		{C4376EBC-ABB6-4CDF-BE8C-18BCEDD22D5C}.Debug|Any CPU.Build.0 = Debug|Any CPU
		{C4376EBC-ABB6-4CDF-BE8C-18BCEDD22D5C}.Release|Any CPU.ActiveCfg = Release|Any CPU
		{C4376EBC-ABB6-4CDF-BE8C-18BCEDD22D5C}.Release|Any CPU.Build.0 = Release|Any CPU
		{EA7CC805-B2FD-4C9A-9E12-094EBE53A64C}.Debug|Any CPU.ActiveCfg = Debug|Any CPU
		{EA7CC805-B2FD-4C9A-9E12-094EBE53A64C}.Debug|Any CPU.Build.0 = Debug|Any CPU
		{EA7CC805-B2FD-4C9A-9E12-094EBE53A64C}.Release|Any CPU.ActiveCfg = Release|Any CPU
		{EA7CC805-B2FD-4C9A-9E12-094EBE53A64C}.Release|Any CPU.Build.0 = Release|Any CPU
		{6613816F-0A2E-477E-ABEA-A97AD69CB14F}.Debug|Any CPU.ActiveCfg = Debug|Any CPU
		{6613816F-0A2E-477E-ABEA-A97AD69CB14F}.Debug|Any CPU.Build.0 = Debug|Any CPU
		{6613816F-0A2E-477E-ABEA-A97AD69CB14F}.Release|Any CPU.ActiveCfg = Release|Any CPU
		{6613816F-0A2E-477E-ABEA-A97AD69CB14F}.Release|Any CPU.Build.0 = Release|Any CPU
		{D2DA6A77-5615-43AC-A1C2-4C975FF7FECA}.Debug|Any CPU.ActiveCfg = Debug|Any CPU
		{D2DA6A77-5615-43AC-A1C2-4C975FF7FECA}.Debug|Any CPU.Build.0 = Debug|Any CPU
		{D2DA6A77-5615-43AC-A1C2-4C975FF7FECA}.Release|Any CPU.ActiveCfg = Release|Any CPU
		{D2DA6A77-5615-43AC-A1C2-4C975FF7FECA}.Release|Any CPU.Build.0 = Release|Any CPU
		{E812A8BE-EB19-4338-847F-7297F4D7CF4D}.Debug|Any CPU.ActiveCfg = Debug|Any CPU
		{E812A8BE-EB19-4338-847F-7297F4D7CF4D}.Debug|Any CPU.Build.0 = Debug|Any CPU
		{E812A8BE-EB19-4338-847F-7297F4D7CF4D}.Release|Any CPU.ActiveCfg = Release|Any CPU
		{E812A8BE-EB19-4338-847F-7297F4D7CF4D}.Release|Any CPU.Build.0 = Release|Any CPU
	EndGlobalSection
	GlobalSection(SolutionProperties) = preSolution
		HideSolutionNode = FALSE
	EndGlobalSection
	GlobalSection(ExtensibilityGlobals) = postSolution
		SolutionGuid = {77974B65-B639-4A04-ADA8-6CD7B94BAEFD}
	EndGlobalSection
EndGlobal
